
Microsoft Visual Studio Solution File, Format Version 12.00
# Visual Studio Version 17
VisualStudioVersion = 17.8.34330.188
MinimumVisualStudioVersion = 10.0.40219.1
Project("{F184B08F-C81C-45F6-A57F-5ABD9991F28F}") = "helloworld", "helloworld\helloworld.vbproj", "{DA9FE167-E808-4CCD-9C08-CAB25903446B}"
EndProject
Global
	GlobalSection(SolutionConfigurationPlatforms) = preSolution
		Debug|Any CPU = Debug|Any CPU
		Release|Any CPU = Release|Any CPU
	EndGlobalSection
	GlobalSection(ProjectConfigurationPlatforms) = postSolution
		{DA9FE167-E808-4CCD-9C08-CAB25903446B}.Debug|Any CPU.ActiveCfg = Debug|Any CPU
		{DA9FE167-E808-4CCD-9C08-CAB25903446B}.Debug|Any CPU.Build.0 = Debug|Any CPU
		{DA9FE167-E808-4CCD-9C08-CAB25903446B}.Release|Any CPU.ActiveCfg = Release|Any CPU
		{DA9FE167-E808-4CCD-9C08-CAB25903446B}.Release|Any CPU.Build.0 = Release|Any CPU
	EndGlobalSection
	GlobalSection(SolutionProperties) = preSolution
		HideSolutionNode = FALSE
	EndGlobalSection
	GlobalSection(ExtensibilityGlobals) = postSolution
		SolutionGuid = {1E3AEC14-0373-4635-A7FB-B3CF49C8CAD3}
	EndGlobalSection
EndGlobal
